# THIS IS AN AUTOGENERATED FILE. DO NOT EDIT THIS FILE DIRECTLY.
# yarn lockfile v1


"@bradmax/player@^0.0.0":
  version "0.0.0"
  resolved "https://registry.yarnpkg.com/@bradmax/player/-/player-0.0.0.tgz#d8557515a99a0d7acce58a216f96898dd63960cb"

"@types/node@*":
  version "9.4.7"
  resolved "http://registry.npmjs.org/@types/node/-/node-9.4.7.tgz#57d81cd98719df2c9de118f2d5f3b1120dcd7275"

"@types/react-dom@16.0.4":
  version "16.0.4"
  resolved "http://registry.npmjs.org/@types/react-dom/-/react-dom-16.0.4.tgz#2e8fd45f5443780ed49bf2cdd9809e6091177a7d"
  dependencies:
    "@types/node" "*"
    "@types/react" "*"

"@types/react@*", "@types/react@16.0.40":
  version "16.0.40"
  resolved "https://registry.yarnpkg.com/@types/react/-/react-16.0.40.tgz#caabc2296886f40b67f6fc80f0f3464476461df9"

tslib@^1.8.1, tslib@^1.9.0:
  version "1.9.0"
  resolved "https://registry.yarnpkg.com/tslib/-/tslib-1.9.0.tgz#e37a86fda8cbbaf23a057f473c9f4dc64e5fc2e8"

tslint-react@3.5.1:
  version "3.5.1"
  resolved "https://registry.yarnpkg.com/tslint-react/-/tslint-react-3.5.1.tgz#a5ca48034bf583fb63b42763bb89fa23062d5390"
  dependencies:
    tsutils "^2.13.1"

tsutils@^2.13.1:
  version "2.22.2"
  resolved "https://registry.yarnpkg.com/tsutils/-/tsutils-2.22.2.tgz#0b9f3d87aa3eb95bd32d26ce2b88aa329a657951"
  dependencies:
    tslib "^1.8.1"
